<?xml version="1.0" encoding="UTF-8" standalone="yes" ?>
<CodeBlocks_project_file>
   <FileVersion major="1" minor="6" />
   <Project>
      <Option title="FootstepPlanner" />
      <Option makefile_is_custom="1" />
      <Option compiler="gcc" />
      <Option virtualFolders="CMake Files\;" />
      <Build>
      <Target title="all">
         <Option working_dir="/Users/i825922/Desktop/FootstepPlanner" />
         <Option type="4" />
         <MakeCommands>
            <Build command="/usr/bin/make -f &quot;/Users/i825922/Desktop/FootstepPlanner/Makefile&quot;  VERBOSE=1 all" />
            <CompileFile command="/usr/bin/make -f &quot;/Users/i825922/Desktop/FootstepPlanner/Makefile&quot;  VERBOSE=1 &quot;$file&quot;" />
            <Clean command="/usr/bin/make -f &quot;/Users/i825922/Desktop/FootstepPlanner/Makefile&quot;  VERBOSE=1 clean" />
            <DistClean command="/usr/bin/make -f &quot;/Users/i825922/Desktop/FootstepPlanner/Makefile&quot;  VERBOSE=1 clean" />
         </MakeCommands>
      </Target>
      <Target title="FootstepPlanner">
         <Option output="/Users/i825922/Desktop/FootstepPlanner/FootstepPlanner" prefix_auto="0" extension_auto="0" />
         <Option working_dir="/Users/i825922/Desktop/FootstepPlanner" />
         <Option object_output="./" />
         <Option type="1" />
         <Option compiler="gcc" />
         <Compiler>
         </Compiler>
         <MakeCommands>
            <Build command="/usr/bin/make -f &quot;/Users/i825922/Desktop/FootstepPlanner/Makefile&quot;  VERBOSE=1 FootstepPlanner" />
            <CompileFile command="/usr/bin/make -f &quot;/Users/i825922/Desktop/FootstepPlanner/Makefile&quot;  VERBOSE=1 &quot;$file&quot;" />
            <Clean command="/usr/bin/make -f &quot;/Users/i825922/Desktop/FootstepPlanner/Makefile&quot;  VERBOSE=1 clean" />
            <DistClean command="/usr/bin/make -f &quot;/Users/i825922/Desktop/FootstepPlanner/Makefile&quot;  VERBOSE=1 clean" />
         </MakeCommands>
      </Target>
      <Target title="FootstepPlanner/fast">
         <Option output="/Users/i825922/Desktop/FootstepPlanner/FootstepPlanner" prefix_auto="0" extension_auto="0" />
         <Option working_dir="/Users/i825922/Desktop/FootstepPlanner" />
         <Option object_output="./" />
         <Option type="1" />
         <Option compiler="gcc" />
         <Compiler>
         </Compiler>
         <MakeCommands>
            <Build command="/usr/bin/make -f &quot;/Users/i825922/Desktop/FootstepPlanner/Makefile&quot;  VERBOSE=1 FootstepPlanner/fast" />
            <CompileFile command="/usr/bin/make -f &quot;/Users/i825922/Desktop/FootstepPlanner/Makefile&quot;  VERBOSE=1 &quot;$file&quot;" />
            <Clean command="/usr/bin/make -f &quot;/Users/i825922/Desktop/FootstepPlanner/Makefile&quot;  VERBOSE=1 clean" />
            <DistClean command="/usr/bin/make -f &quot;/Users/i825922/Desktop/FootstepPlanner/Makefile&quot;  VERBOSE=1 clean" />
         </MakeCommands>
      </Target>
      <Target title="rebuild_cache">
         <Option working_dir="/Users/i825922/Desktop/FootstepPlanner" />
         <Option type="4" />
         <MakeCommands>
            <Build command="/usr/bin/make -f &quot;/Users/i825922/Desktop/FootstepPlanner/Makefile&quot;  VERBOSE=1 rebuild_cache" />
            <CompileFile command="/usr/bin/make -f &quot;/Users/i825922/Desktop/FootstepPlanner/Makefile&quot;  VERBOSE=1 &quot;$file&quot;" />
            <Clean command="/usr/bin/make -f &quot;/Users/i825922/Desktop/FootstepPlanner/Makefile&quot;  VERBOSE=1 clean" />
            <DistClean command="/usr/bin/make -f &quot;/Users/i825922/Desktop/FootstepPlanner/Makefile&quot;  VERBOSE=1 clean" />
         </MakeCommands>
      </Target>
      </Build>
      <Unit filename="/Users/i825922/Desktop/FootstepPlanner/main.cpp">
      </Unit>
      <Unit filename="/Users/i825922/Desktop/FootstepPlanner/CMakeLists.txt">
          <Option virtualFolder="CMake Files\" />
      </Unit>
   </Project>
</CodeBlocks_project_file>
